// !$*UTF8*$!
{
	archiveVersion = 1;
	classes = {
	};
	objectVersion = 46;
	objects = {

/* Begin PBXBuildFile section */
		26A6BF231B0F40FF00931F2B /* main.m in Sources */ = {isa = PBXBuildFile; fileRef = 26A6BF221B0F40FF00931F2B /* main.m */; };
		26A6BF261B0F40FF00931F2B /* AppDelegate.m in Sources */ = {isa = PBXBuildFile; fileRef = 26A6BF251B0F40FF00931F2B /* AppDelegate.m */; };
		26A6BF291B0F40FF00931F2B /* Dynamic_Row_Height.xcdatamodeld in Sources */ = {isa = PBXBuildFile; fileRef = 26A6BF271B0F40FF00931F2B /* Dynamic_Row_Height.xcdatamodeld */; };
		26A6BF2C1B0F40FF00931F2B /* ViewController.m in Sources */ = {isa = PBXBuildFile; fileRef = 26A6BF2B1B0F40FF00931F2B /* ViewController.m */; };
		26A6BF2F1B0F40FF00931F2B /* Main.storyboard in Resources */ = {isa = PBXBuildFile; fileRef = 26A6BF2D1B0F40FF00931F2B /* Main.storyboard */; };
		26A6BF311B0F40FF00931F2B /* Images.xcassets in Resources */ = {isa = PBXBuildFile; fileRef = 26A6BF301B0F40FF00931F2B /* Images.xcassets */; };
		26A6BF341B0F40FF00931F2B /* LaunchScreen.xib in Resources */ = {isa = PBXBuildFile; fileRef = 26A6BF321B0F40FF00931F2B /* LaunchScreen.xib */; };
		26A6BF401B0F410000931F2B /* Dynamic_Row_HeightTests.m in Sources */ = {isa = PBXBuildFile; fileRef = 26A6BF3F1B0F410000931F2B /* Dynamic_Row_HeightTests.m */; };
		26A6BF4A1B0F415600931F2B /* SourceCode.rtfd in Resources */ = {isa = PBXBuildFile; fileRef = 26A6BF491B0F415600931F2B /* SourceCode.rtfd */; };
		26A6BF4C1B0F431200931F2B /* quotes.plist in Resources */ = {isa = PBXBuildFile; fileRef = 26A6BF4B1B0F431200931F2B /* quotes.plist */; };
		26A6BF4F1B0F4AE400931F2B /* QuoteTableViewCell.m in Sources */ = {isa = PBXBuildFile; fileRef = 26A6BF4E1B0F4AE400931F2B /* QuoteTableViewCell.m */; };
		26A6BF511B0F4DCA00931F2B /* icn.png in Resources */ = {isa = PBXBuildFile; fileRef = 26A6BF501B0F4DCA00931F2B /* icn.png */; };
/* End PBXBuildFile section */

/* Begin PBXContainerItemProxy section */
		26A6BF3A1B0F410000931F2B /* PBXContainerItemProxy */ = {
			isa = PBXContainerItemProxy;
			containerPortal = 26A6BF151B0F40FF00931F2B /* Project object */;
			proxyType = 1;
			remoteGlobalIDString = 26A6BF1C1B0F40FF00931F2B;
			remoteInfo = Dynamic_Row_Height;
		};
/* End PBXContainerItemProxy section */

/* Begin PBXFileReference section */
		26A6BF1D1B0F40FF00931F2B /* Dynamic_Row_Height.app */ = {isa = PBXFileReference; explicitFileType = wrapper.application; includeInIndex = 0; path = Dynamic_Row_Height.app; sourceTree = BUILT_PRODUCTS_DIR; };
		26A6BF211B0F40FF00931F2B /* Info.plist */ = {isa = PBXFileReference; lastKnownFileType = text.plist.xml; path = Info.plist; sourceTree = "<group>"; };
		26A6BF221B0F40FF00931F2B /* main.m */ = {isa = PBXFileReference; lastKnownFileType = sourcecode.c.objc; path = main.m; sourceTree = "<group>"; };
		26A6BF241B0F40FF00931F2B /* AppDelegate.h */ = {isa = PBXFileReference; lastKnownFileType = sourcecode.c.h; path = AppDelegate.h; sourceTree = "<group>"; };
		26A6BF251B0F40FF00931F2B /* AppDelegate.m */ = {isa = PBXFileReference; lastKnownFileType = sourcecode.c.objc; path = AppDelegate.m; sourceTree = "<group>"; };
		26A6BF281B0F40FF00931F2B /* Dynamic_Row_Height.xcdatamodel */ = {isa = PBXFileReference; lastKnownFileType = wrapper.xcdatamodel; path = Dynamic_Row_Height.xcdatamodel; sourceTree = "<group>"; };
		26A6BF2A1B0F40FF00931F2B /* ViewController.h */ = {isa = PBXFileReference; lastKnownFileType = sourcecode.c.h; path = ViewController.h; sourceTree = "<group>"; };
		26A6BF2B1B0F40FF00931F2B /* ViewController.m */ = {isa = PBXFileReference; lastKnownFileType = sourcecode.c.objc; path = ViewController.m; sourceTree = "<group>"; };
		26A6BF2E1B0F40FF00931F2B /* Base */ = {isa = PBXFileReference; lastKnownFileType = file.storyboard; name = Base; path = Base.lproj/Main.storyboard; sourceTree = "<group>"; };
		26A6BF301B0F40FF00931F2B /* Images.xcassets */ = {isa = PBXFileReference; lastKnownFileType = folder.assetcatalog; path = Images.xcassets; sourceTree = "<group>"; };
		26A6BF331B0F40FF00931F2B /* Base */ = {isa = PBXFileReference; lastKnownFileType = file.xib; name = Base; path = Base.lproj/LaunchScreen.xib; sourceTree = "<group>"; };
		26A6BF391B0F410000931F2B /* Dynamic_Row_HeightTests.xctest */ = {isa = PBXFileReference; explicitFileType = wrapper.cfbundle; includeInIndex = 0; path = Dynamic_Row_HeightTests.xctest; sourceTree = BUILT_PRODUCTS_DIR; };
		26A6BF3E1B0F410000931F2B /* Info.plist */ = {isa = PBXFileReference; lastKnownFileType = text.plist.xml; path = Info.plist; sourceTree = "<group>"; };
		26A6BF3F1B0F410000931F2B /* Dynamic_Row_HeightTests.m */ = {isa = PBXFileReference; lastKnownFileType = sourcecode.c.objc; path = Dynamic_Row_HeightTests.m; sourceTree = "<group>"; };
		26A6BF491B0F415600931F2B /* SourceCode.rtfd */ = {isa = PBXFileReference; lastKnownFileType = wrapper.rtfd; path = SourceCode.rtfd; sourceTree = "<group>"; };
		26A6BF4B1B0F431200931F2B /* quotes.plist */ = {isa = PBXFileReference; fileEncoding = 4; lastKnownFileType = text.plist.xml; path = quotes.plist; sourceTree = "<group>"; };
		26A6BF4D1B0F4AE400931F2B /* QuoteTableViewCell.h */ = {isa = PBXFileReference; fileEncoding = 4; lastKnownFileType = sourcecode.c.h; path = QuoteTableViewCell.h; sourceTree = "<group>"; };
		26A6BF4E1B0F4AE400931F2B /* QuoteTableViewCell.m */ = {isa = PBXFileReference; fileEncoding = 4; lastKnownFileType = sourcecode.c.objc; path = QuoteTableViewCell.m; sourceTree = "<group>"; };
		26A6BF501B0F4DCA00931F2B /* icn.png */ = {isa = PBXFileReference; lastKnownFileType = image.png; path = icn.png; sourceTree = "<group>"; };
/* End PBXFileReference section */

/* Begin PBXFrameworksBuildPhase section */
		26A6BF1A1B0F40FF00931F2B /* Frameworks */ = {
			isa = PBXFrameworksBuildPhase;
			buildActionMask = 2147483647;
			files = (
			);
			runOnlyForDeploymentPostprocessing = 0;
		};
		26A6BF361B0F410000931F2B /* Frameworks */ = {
			isa = PBXFrameworksBuildPhase;
			buildActionMask = 2147483647;
			files = (
			);
			runOnlyForDeploymentPostprocessing = 0;
		};
/* End PBXFrameworksBuildPhase section */

/* Begin PBXGroup section */
		26A6BF141B0F40FF00931F2B = {
			isa = PBXGroup;
			children = (
				26A6BF1F1B0F40FF00931F2B /* Dynamic_Row_Height */,
				26A6BF3C1B0F410000931F2B /* Dynamic_Row_HeightTests */,
				26A6BF1E1B0F40FF00931F2B /* Products */,
			);
			sourceTree = "<group>";
		};
		26A6BF1E1B0F40FF00931F2B /* Products */ = {
			isa = PBXGroup;
			children = (
				26A6BF1D1B0F40FF00931F2B /* Dynamic_Row_Height.app */,
				26A6BF391B0F410000931F2B /* Dynamic_Row_HeightTests.xctest */,
			);
			name = Products;
			sourceTree = "<group>";
		};
		26A6BF1F1B0F40FF00931F2B /* Dynamic_Row_Height */ = {
			isa = PBXGroup;
			children = (
				26A6BF501B0F4DCA00931F2B /* icn.png */,
				26A6BF4D1B0F4AE400931F2B /* QuoteTableViewCell.h */,
				26A6BF4E1B0F4AE400931F2B /* QuoteTableViewCell.m */,
				26A6BF4B1B0F431200931F2B /* quotes.plist */,
				26A6BF491B0F415600931F2B /* SourceCode.rtfd */,
				26A6BF241B0F40FF00931F2B /* AppDelegate.h */,
				26A6BF251B0F40FF00931F2B /* AppDelegate.m */,
				26A6BF2A1B0F40FF00931F2B /* ViewController.h */,
				26A6BF2B1B0F40FF00931F2B /* ViewController.m */,
				26A6BF2D1B0F40FF00931F2B /* Main.storyboard */,
				26A6BF301B0F40FF00931F2B /* Images.xcassets */,
				26A6BF321B0F40FF00931F2B /* LaunchScreen.xib */,
				26A6BF271B0F40FF00931F2B /* Dynamic_Row_Height.xcdatamodeld */,
				26A6BF201B0F40FF00931F2B /* Supporting Files */,
			);
			path = Dynamic_Row_Height;
			sourceTree = "<group>";
		};
		26A6BF201B0F40FF00931F2B /* Supporting Files */ = {
			isa = PBXGroup;
			children = (
				26A6BF211B0F40FF00931F2B /* Info.plist */,
				26A6BF221B0F40FF00931F2B /* main.m */,
			);
			name = "Supporting Files";
			sourceTree = "<group>";
		};
		26A6BF3C1B0F410000931F2B /* Dynamic_Row_HeightTests */ = {
			isa = PBXGroup;
			children = (
				26A6BF3F1B0F410000931F2B /* Dynamic_Row_HeightTests.m */,
				26A6BF3D1B0F410000931F2B /* Supporting Files */,
			);
			path = Dynamic_Row_HeightTests;
			sourceTree = "<group>";
		};
		26A6BF3D1B0F410000931F2B /* Supporting Files */ = {
			isa = PBXGroup;
			children = (
				26A6BF3E1B0F410000931F2B /* Info.plist */,
			);
			name = "Supporting Files";
			sourceTree = "<group>";
		};
/* End PBXGroup section */

/* Begin PBXNativeTarget section */
		26A6BF1C1B0F40FF00931F2B /* Dynamic_Row_Height */ = {
			isa = PBXNativeTarget;
			buildConfigurationList = 26A6BF431B0F410000931F2B /* Build configuration list for PBXNativeTarget "Dynamic_Row_Height" */;
			buildPhases = (
				26A6BF191B0F40FF00931F2B /* Sources */,
				26A6BF1A1B0F40FF00931F2B /* Frameworks */,
				26A6BF1B1B0F40FF00931F2B /* Resources */,
			);
			buildRules = (
			);
			dependencies = (
			);
			name = Dynamic_Row_Height;
			productName = Dynamic_Row_Height;
			productReference = 26A6BF1D1B0F40FF00931F2B /* Dynamic_Row_Height.app */;
			productType = "com.apple.product-type.application";
		};
		26A6BF381B0F410000931F2B /* Dynamic_Row_HeightTests */ = {
			isa = PBXNativeTarget;
			buildConfigurationList = 26A6BF461B0F410000931F2B /* Build configuration list for PBXNativeTarget "Dynamic_Row_HeightTests" */;
			buildPhases = (
				26A6BF351B0F410000931F2B /* Sources */,
				26A6BF361B0F410000931F2B /* Frameworks */,
				26A6BF371B0F410000931F2B /* Resources */,
			);
			buildRules = (
			);
			dependencies = (
				26A6BF3B1B0F410000931F2B /* PBXTargetDependency */,
			);
			name = Dynamic_Row_HeightTests;
			productName = Dynamic_Row_HeightTests;
			productReference = 26A6BF391B0F410000931F2B /* Dynamic_Row_HeightTests.xctest */;
			productType = "com.apple.product-type.bundle.unit-test";
		};
/* End PBXNativeTarget section */

/* Begin PBXProject section */
		26A6BF151B0F40FF00931F2B /* Project object */ = {
			isa = PBXProject;
			attributes = {
				LastUpgradeCheck = 0610;
				ORGANIZATIONNAME = "Vy Systems - iOS1";
				TargetAttributes = {
					26A6BF1C1B0F40FF00931F2B = {
						CreatedOnToolsVersion = 6.1;
					};
					26A6BF381B0F410000931F2B = {
						CreatedOnToolsVersion = 6.1;
						TestTargetID = 26A6BF1C1B0F40FF00931F2B;
					};
				};
			};
			buildConfigurationList = 26A6BF181B0F40FF00931F2B /* Build configuration list for PBXProject "Dynamic_Row_Height" */;
			compatibilityVersion = "Xcode 3.2";
			developmentRegion = English;
			hasScannedForEncodings = 0;
			knownRegions = (
				en,
				Base,
			);
			mainGroup = 26A6BF141B0F40FF00931F2B;
			productRefGroup = 26A6BF1E1B0F40FF00931F2B /* Products */;
			projectDirPath = "";
			projectRoot = "";
			targets = (
				26A6BF1C1B0F40FF00931F2B /* Dynamic_Row_Height */,
				26A6BF381B0F410000931F2B /* Dynamic_Row_HeightTests */,
			);
		};
/* End PBXProject section */

/* Begin PBXResourcesBuildPhase section */
		26A6BF1B1B0F40FF00931F2B /* Resources */ = {
			isa = PBXResourcesBuildPhase;
			buildActionMask = 2147483647;
			files = (
				26A6BF511B0F4DCA00931F2B /* icn.png in Resources */,
				26A6BF2F1B0F40FF00931F2B /* Main.storyboard in Resources */,
				26A6BF4A1B0F415600931F2B /* SourceCode.rtfd in Resources */,
				26A6BF341B0F40FF00931F2B /* LaunchScreen.xib in Resources */,
				26A6BF311B0F40FF00931F2B /* Images.xcassets in Resources */,
				26A6BF4C1B0F431200931F2B /* quotes.plist in Resources */,
			);
			runOnlyForDeploymentPostprocessing = 0;
		};
		26A6BF371B0F410000931F2B /* Resources */ = {
			isa = PBXResourcesBuildPhase;
			buildActionMask = 2147483647;
			files = (
			);
			runOnlyForDeploymentPostprocessing = 0;
		};
/* End PBXResourcesBuildPhase section */

/* Begin PBXSourcesBuildPhase section */
		26A6BF191B0F40FF00931F2B /* Sources */ = {
			isa = PBXSourcesBuildPhase;
			buildActionMask = 2147483647;
			files = (
				26A6BF261B0F40FF00931F2B /* AppDelegate.m in Sources */,
				26A6BF291B0F40FF00931F2B /* Dynamic_Row_Height.xcdatamodeld in Sources */,
				26A6BF4F1B0F4AE400931F2B /* QuoteTableViewCell.m in Sources */,
				26A6BF2C1B0F40FF00931F2B /* ViewController.m in Sources */,
				26A6BF231B0F40FF00931F2B /* main.m in Sources */,
			);
			runOnlyForDeploymentPostprocessing = 0;
		};
		26A6BF351B0F410000931F2B /* Sources */ = {
			isa = PBXSourcesBuildPhase;
			buildActionMask = 2147483647;
			files = (
				26A6BF401B0F410000931F2B /* Dynamic_Row_HeightTests.m in Sources */,
			);
			runOnlyForDeploymentPostprocessing = 0;
		};
/* End PBXSourcesBuildPhase section */

/* Begin PBXTargetDependency section */
		26A6BF3B1B0F410000931F2B /* PBXTargetDependency */ = {
			isa = PBXTargetDependency;
			target = 26A6BF1C1B0F40FF00931F2B /* Dynamic_Row_Height */;
			targetProxy = 26A6BF3A1B0F410000931F2B /* PBXContainerItemProxy */;
		};
/* End PBXTargetDependency section */

/* Begin PBXVariantGroup section */
		26A6BF2D1B0F40FF00931F2B /* Main.storyboard */ = {
			isa = PBXVariantGroup;
			children = (
				26A6BF2E1B0F40FF00931F2B /* Base */,
			);
			name = Main.storyboard;
			sourceTree = "<group>";
		};
		26A6BF321B0F40FF00931F2B /* LaunchScreen.xib */ = {
			isa = PBXVariantGroup;
			children = (
				26A6BF331B0F40FF00931F2B /* Base */,
			);
			name = LaunchScreen.xib;
			sourceTree = "<group>";
		};
/* End PBXVariantGroup section */

/* Begin XCBuildConfiguration section */
		26A6BF411B0F410000931F2B /* Debug */ = {
			isa = XCBuildConfiguration;
			buildSettings = {
				ALWAYS_SEARCH_USER_PATHS = NO;
				CLANG_CXX_LANGUAGE_STANDARD = "gnu++0x";
				CLANG_CXX_LIBRARY = "libc++";
				CLANG_ENABLE_MODULES = YES;
				CLANG_ENABLE_OBJC_ARC = YES;
				CLANG_WARN_BOOL_CONVERSION = YES;
				CLANG_WARN_CONSTANT_CONVERSION = YES;
				CLANG_WARN_DIRECT_OBJC_ISA_USAGE = YES_ERROR;
				CLANG_WARN_EMPTY_BODY = YES;
				CLANG_WARN_ENUM_CONVERSION = YES;
				CLANG_WARN_INT_CONVERSION = YES;
				CLANG_WARN_OBJC_ROOT_CLASS = YES_ERROR;
				CLANG_WARN_UNREACHABLE_CODE = YES;
				CLANG_WARN__DUPLICATE_METHOD_MATCH = YES;
				"CODE_SIGN_IDENTITY[sdk=iphoneos*]" = "iPhone Developer";
				COPY_PHASE_STRIP = NO;
				ENABLE_STRICT_OBJC_MSGSEND = YES;
				GCC_C_LANGUAGE_STANDARD = gnu99;
				GCC_DYNAMIC_NO_PIC = NO;
				GCC_OPTIMIZATION_LEVEL = 0;
				GCC_PREPROCESSOR_DEFINITIONS = (
					"DEBUG=1",
					"$(inherited)",
				);
				GCC_SYMBOLS_PRIVATE_EXTERN = NO;
				GCC_WARN_64_TO_32_BIT_CONVERSION = YES;
				GCC_WARN_ABOUT_RETURN_TYPE = YES_ERROR;
				GCC_WARN_UNDECLARED_SELECTOR = YES;
				GCC_WARN_UNINITIALIZED_AUTOS = YES_AGGRESSIVE;
				GCC_WARN_UNUSED_FUNCTION = YES;
				GCC_WARN_UNUSED_VARIABLE = YES;
				IPHONEOS_DEPLOYMENT_TARGET = 8.1;
				MTL_ENABLE_DEBUG_INFO = YES;
				ONLY_ACTIVE_ARCH = YES;
				SDKROOT = iphoneos;
				TARGETED_DEVICE_FAMILY = "1,2";
			};
			name = Debug;
		};
		26A6BF421B0F410000931F2B /* Release */ = {
			isa = XCBuildConfiguration;
			buildSettings = {
				ALWAYS_SEARCH_USER_PATHS = NO;
				CLANG_CXX_LANGUAGE_STANDARD = "gnu++0x";
				CLANG_CXX_LIBRARY = "libc++";
				CLANG_ENABLE_MODULES = YES;
				CLANG_ENABLE_OBJC_ARC = YES;
				CLANG_WARN_BOOL_CONVERSION = YES;
				CLANG_WARN_CONSTANT_CONVERSION = YES;
				CLANG_WARN_DIRECT_OBJC_ISA_USAGE = YES_ERROR;
				CLANG_WARN_EMPTY_BODY = YES;
				CLANG_WARN_ENUM_CONVERSION = YES;
				CLANG_WARN_INT_CONVERSION = YES;
				CLANG_WARN_OBJC_ROOT_CLASS = YES_ERROR;
				CLANG_WARN_UNREACHABLE_CODE = YES;
				CLANG_WARN__DUPLICATE_METHOD_MATCH = YES;
				"CODE_SIGN_IDENTITY[sdk=iphoneos*]" = "iPhone Developer";
				COPY_PHASE_STRIP = YES;
				ENABLE_NS_ASSERTIONS = NO;
				ENABLE_STRICT_OBJC_MSGSEND = YES;
				GCC_C_LANGUAGE_STANDARD = gnu99;
				GCC_WARN_64_TO_32_BIT_CONVERSION = YES;
				GCC_WARN_ABOUT_RETURN_TYPE = YES_ERROR;
				GCC_WARN_UNDECLARED_SELECTOR = YES;
				GCC_WARN_UNINITIALIZED_AUTOS = YES_AGGRESSIVE;
				GCC_WARN_UNUSED_FUNCTION = YES;
				GCC_WARN_UNUSED_VARIABLE = YES;
				IPHONEOS_DEPLOYMENT_TARGET = 8.1;
				MTL_ENABLE_DEBUG_INFO = NO;
				SDKROOT = iphoneos;
				TARGETED_DEVICE_FAMILY = "1,2";
				VALIDATE_PRODUCT = YES;
			};
			name = Release;
		};
		26A6BF441B0F410000931F2B /* Debug */ = {
			isa = XCBuildConfiguration;
			buildSettings = {
				ASSETCATALOG_COMPILER_APPICON_NAME = AppIcon;
				INFOPLIST_FILE = Dynamic_Row_Height/Info.plist;
				IPHONEOS_DEPLOYMENT_TARGET = 7.1;
				LD_RUNPATH_SEARCH_PATHS = "$(inherited) @executable_path/Frameworks";
				PRODUCT_NAME = "$(TARGET_NAME)";
			};
			name = Debug;
		};
		26A6BF451B0F410000931F2B /* Release */ = {
			isa = XCBuildConfiguration;
			buildSettings = {
				ASSETCATALOG_COMPILER_APPICON_NAME = AppIcon;
				INFOPLIST_FILE = Dynamic_Row_Height/Info.plist;
				IPHONEOS_DEPLOYMENT_TARGET = 7.1;
				LD_RUNPATH_SEARCH_PATHS = "$(inherited) @executable_path/Frameworks";
				PRODUCT_NAME = "$(TARGET_NAME)";
			};
			name = Release;
		};
		26A6BF471B0F410000931F2B /* Debug */ = {
			isa = XCBuildConfiguration;
			buildSettings = {
				BUNDLE_LOADER = "$(TEST_HOST)";
				FRAMEWORK_SEARCH_PATHS = (
					"$(SDKROOT)/Developer/Library/Frameworks",
					"$(inherited)",
				);
				GCC_PREPROCESSOR_DEFINITIONS = (
					"DEBUG=1",
					"$(inherited)",
				);
				INFOPLIST_FILE = Dynamic_Row_HeightTests/Info.plist;
				LD_RUNPATH_SEARCH_PATHS = "$(inherited) @executable_path/Frameworks @loader_path/Frameworks";
				PRODUCT_NAME = "$(TARGET_NAME)";
				TEST_HOST = "$(BUILT_PRODUCTS_DIR)/Dynamic_Row_Height.app/Dynamic_Row_Height";
			};
			name = Debug;
		};
		26A6BF481B0F410000931F2B /* Release */ = {
			isa = XCBuildConfiguration;
			buildSettings = {
				BUNDLE_LOADER = "$(TEST_HOST)";
				FRAMEWORK_SEARCH_PATHS = (
					"$(SDKROOT)/Developer/Library/Frameworks",
					"$(inherited)",
				);
				INFOPLIST_FILE = Dynamic_Row_HeightTests/Info.plist;
				LD_RUNPATH_SEARCH_PATHS = "$(inherited) @executable_path/Frameworks @loader_path/Frameworks";
				PRODUCT_NAME = "$(TARGET_NAME)";
				TEST_HOST = "$(BUILT_PRODUCTS_DIR)/Dynamic_Row_Height.app/Dynamic_Row_Height";
			};
			name = Release;
		};
/* End XCBuildConfiguration section */

/* Begin XCConfigurationList section */
		26A6BF181B0F40FF00931F2B /* Build configuration list for PBXProject "Dynamic_Row_Height" */ = {
			isa = XCConfigurationList;
			buildConfigurations = (
				26A6BF411B0F410000931F2B /* Debug */,
				26A6BF421B0F410000931F2B /* Release */,
			);
			defaultConfigurationIsVisible = 0;
			defaultConfigurationName = Release;
		};
		26A6BF431B0F410000931F2B /* Build configuration list for PBXNativeTarget "Dynamic_Row_Height" */ = {
			isa = XCConfigurationList;
			buildConfigurations = (
				26A6BF441B0F410000931F2B /* Debug */,
				26A6BF451B0F410000931F2B /* Release */,
			);
			defaultConfigurationIsVisible = 0;
		};
		26A6BF461B0F410000931F2B /* Build configuration list for PBXNativeTarget "Dynamic_Row_HeightTests" */ = {
			isa = XCConfigurationList;
			buildConfigurations = (
				26A6BF471B0F410000931F2B /* Debug */,
				26A6BF481B0F410000931F2B /* Release */,
			);
			defaultConfigurationIsVisible = 0;
		};
/* End XCConfigurationList section */

/* Begin XCVersionGroup section */
		26A6BF271B0F40FF00931F2B /* Dynamic_Row_Height.xcdatamodeld */ = {
			isa = XCVersionGroup;
			children = (
				26A6BF281B0F40FF00931F2B /* Dynamic_Row_Height.xcdatamodel */,
			);
			currentVersion = 26A6BF281B0F40FF00931F2B /* Dynamic_Row_Height.xcdatamodel */;
			path = Dynamic_Row_Height.xcdatamodeld;
			sourceTree = "<group>";
			versionGroupType = wrapper.xcdatamodel;
		};
/* End XCVersionGroup section */
	};
	rootObject = 26A6BF151B0F40FF00931F2B /* Project object */;
}
